{
  "version": 4,
  "terraform_version": "1.1.6",
  "serial": 16,
  "lineage": "4fa692c3-0ada-d124-b77f-732d969a6ae4",
  "outputs": {},
  "resources": [
    {
      "module": "module.watchops.module.bigquery",
      "mode": "managed",
      "type": "google_bigquery_dataset",
      "name": "watchops",
      "provider": "provider[\"registry.terraform.io/hashicorp/google\"]",
      "instances": [
        {
          "schema_version": 0,
          "attributes": {
            "access": [
              {
                "domain": "",
                "group_by_email": "",
                "role": "OWNER",
                "special_group": "",
                "user_by_email": "italo.vietro@urbansportsclub.com",
                "view": []
              },
              {
                "domain": "",
                "group_by_email": "",
                "role": "OWNER",
                "special_group": "projectOwners",
                "user_by_email": "",
                "view": []
              },
              {
                "domain": "",
                "group_by_email": "",
                "role": "READER",
                "special_group": "projectReaders",
                "user_by_email": "",
                "view": []
              },
              {
                "domain": "",
                "group_by_email": "",
                "role": "WRITER",
                "special_group": "projectWriters",
                "user_by_email": "",
                "view": []
              }
            ],
            "creation_time": 1652383543921,
            "dataset_id": "watchops",
            "default_encryption_configuration": [],
            "default_partition_expiration_ms": 0,
            "default_table_expiration_ms": 0,
            "delete_contents_on_destroy": false,
            "description": "",
            "etag": "VUTd1lU6GnxDzsMsLvcZxA==",
            "friendly_name": "",
            "id": "projects/urbansportsclub-dev/datasets/watchops",
            "labels": null,
            "last_modified_time": 1652383543921,
            "location": "europe-west1",
            "project": "urbansportsclub-dev",
            "self_link": "https://bigquery.googleapis.com/bigquery/v2/projects/urbansportsclub-dev/datasets/watchops",
            "timeouts": null
          },
          "sensitive_attributes": [],
          "private": "eyJlMmJmYjczMC1lY2FhLTExZTYtOGY4OC0zNDM2M2JjN2M0YzAiOnsiY3JlYXRlIjoyNDAwMDAwMDAwMDAsImRlbGV0ZSI6MjQwMDAwMDAwMDAwLCJ1cGRhdGUiOjI0MDAwMDAwMDAwMH19",
          "dependencies": [
            "module.watchops.module.bigquery.google_project_service.bigquery_services",
            "module.watchops.module.foundation.google_project_iam_member.bigquery_user",
            "module.watchops.module.foundation.google_service_account.watchops"
          ]
        }
      ]
    },
    {
      "module": "module.watchops.module.bigquery",
      "mode": "managed",
      "type": "google_bigquery_dataset_iam_member",
      "name": "parser_bq",
      "provider": "provider[\"registry.terraform.io/hashicorp/google\"]",
      "instances": [
        {
          "schema_version": 0,
          "attributes": {
            "condition": [],
            "dataset_id": "watchops",
            "etag": "",
            "id": "projects/urbansportsclub-dev/datasets/watchops/roles/bigquery.dataEditor/serviceAccount:watchops@urbansportsclub-dev.iam.gserviceaccount.com",
            "member": "serviceAccount:watchops@urbansportsclub-dev.iam.gserviceaccount.com",
            "project": "urbansportsclub-dev",
            "role": "roles/bigquery.dataEditor"
          },
          "sensitive_attributes": [],
          "private": "bnVsbA==",
          "dependencies": [
            "module.watchops.module.bigquery.google_bigquery_dataset.watchops",
            "module.watchops.module.bigquery.google_project_service.bigquery_services",
            "module.watchops.module.foundation.google_project_iam_member.bigquery_user",
            "module.watchops.module.foundation.google_service_account.watchops"
          ]
        }
      ]
    },
    {
      "module": "module.watchops.module.bigquery",
      "mode": "managed",
      "type": "google_bigquery_routine",
      "name": "func_json2array",
      "provider": "provider[\"registry.terraform.io/hashicorp/google\"]",
      "instances": [
        {
          "schema_version": 0,
          "attributes": {
            "arguments": [
              {
                "argument_kind": "FIXED_TYPE",
                "data_type": "{\"typeKind\":\"STRING\"}",
                "mode": "",
                "name": "json"
              }
            ],
            "creation_time": 1652383545151,
            "dataset_id": "watchops",
            "definition_body": "if (json) {\n    return JSON.parse(json).map(x=\u003eJSON.stringify(x));\n} else {\n    return [];\n}\n",
            "description": "",
            "determinism_level": "",
            "id": "projects/urbansportsclub-dev/datasets/watchops/routines/json2array",
            "imported_libraries": null,
            "language": "JAVASCRIPT",
            "last_modified_time": 1652383545151,
            "project": "urbansportsclub-dev",
            "return_type": "{\"arrayElementType\":{\"typeKind\":\"STRING\"},\"typeKind\":\"ARRAY\"}",
            "routine_id": "json2array",
            "routine_type": "SCALAR_FUNCTION",
            "timeouts": null
          },
          "sensitive_attributes": [],
          "private": "eyJlMmJmYjczMC1lY2FhLTExZTYtOGY4OC0zNDM2M2JjN2M0YzAiOnsiY3JlYXRlIjoyNDAwMDAwMDAwMDAsImRlbGV0ZSI6MjQwMDAwMDAwMDAwLCJ1cGRhdGUiOjI0MDAwMDAwMDAwMH19",
          "dependencies": [
            "module.watchops.module.bigquery.google_bigquery_dataset.watchops",
            "module.watchops.module.bigquery.google_project_service.bigquery_services",
            "module.watchops.module.foundation.google_project_iam_member.bigquery_user",
            "module.watchops.module.foundation.google_service_account.watchops"
          ]
        }
      ]
    },
    {
      "module": "module.watchops.module.bigquery",
      "mode": "managed",
      "type": "google_bigquery_routine",
      "name": "func_multiFormatParseTimestamp",
      "provider": "provider[\"registry.terraform.io/hashicorp/google\"]",
      "instances": [
        {
          "schema_version": 0,
          "attributes": {
            "arguments": [
              {
                "argument_kind": "FIXED_TYPE",
                "data_type": "{\"typeKind\":\"STRING\"}",
                "mode": "",
                "name": "input"
              }
            ],
            "creation_time": 1652383545140,
            "dataset_id": "watchops",
            "definition_body": "CASE\n\n-- 2022-01-05 04:36:28 -0800 -or- (...)+0800\nWHEN REGEXP_CONTAINS(input, r\"^[0-9]{4}-[0-9]{2}-[0-9]{2} [0-9]{2}:[0-9]{2}:[0-9]{2} [+-][0-9]{4}$\")\n    THEN PARSE_TIMESTAMP('%Y-%m-%d %H:%M:%S %z', input)\n\n-- 2022-01-12T09:47:26.948+01:00 -or- (...)-0100\nWHEN REGEXP_CONTAINS(input, r\"^[0-9]{4}-[0-9]{2}-[0-9]{2}T[0-9]{2}:[0-9]{2}:[0-9]{2}\\.[0-9]{3}[+-][0-9]{2}:[0-9]{2}$\")\n    THEN PARSE_TIMESTAMP('%Y-%m-%dT%H:%M:%E3S%Ez', input)\n\n-- 2022-01-18 05:35:35.320020 -or- 2022-01-18 05:35:35\nWHEN REGEXP_CONTAINS(input, r\"^[0-9]{4}-[0-9]{2}-[0-9]{2} [0-9]{2}:[0-9]{2}:[0-9]{2}\\.?[0-9]*$\")\n    THEN PARSE_TIMESTAMP('%Y-%m-%d %H:%M:%E*S', input)\n\nELSE\n    -- no regex match; attempt to cast directly to timestamp\n    -- (if unparseable, this will throw an error)\n    CAST(input AS TIMESTAMP)\n\nEND\n",
            "description": "",
            "determinism_level": "",
            "id": "projects/urbansportsclub-dev/datasets/watchops/routines/multiFormatParseTimestamp",
            "imported_libraries": null,
            "language": "SQL",
            "last_modified_time": 1652383545140,
            "project": "urbansportsclub-dev",
            "return_type": "{\"typeKind\":\"TIMESTAMP\"}",
            "routine_id": "multiFormatParseTimestamp",
            "routine_type": "SCALAR_FUNCTION",
            "timeouts": null
          },
          "sensitive_attributes": [],
          "private": "eyJlMmJmYjczMC1lY2FhLTExZTYtOGY4OC0zNDM2M2JjN2M0YzAiOnsiY3JlYXRlIjoyNDAwMDAwMDAwMDAsImRlbGV0ZSI6MjQwMDAwMDAwMDAwLCJ1cGRhdGUiOjI0MDAwMDAwMDAwMH19",
          "dependencies": [
            "module.watchops.module.bigquery.google_bigquery_dataset.watchops",
            "module.watchops.module.bigquery.google_project_service.bigquery_services",
            "module.watchops.module.foundation.google_project_iam_member.bigquery_user",
            "module.watchops.module.foundation.google_service_account.watchops"
          ]
        }
      ]
    },
    {
      "module": "module.watchops.module.bigquery",
      "mode": "managed",
      "type": "google_bigquery_table",
      "name": "events_raw",
      "provider": "provider[\"registry.terraform.io/hashicorp/google\"]",
      "instances": [
        {
          "schema_version": 0,
          "attributes": {
            "clustering": null,
            "creation_time": 1652383544917,
            "dataset_id": "watchops",
            "deletion_protection": false,
            "description": "",
            "encryption_configuration": [],
            "etag": "iRqphd9v9vyGlvJocXB2Jw==",
            "expiration_time": 0,
            "external_data_configuration": [],
            "friendly_name": "",
            "id": "projects/urbansportsclub-dev/datasets/watchops/tables/events_raw",
            "labels": null,
            "last_modified_time": 1652383545035,
            "location": "europe-west1",
            "materialized_view": [],
            "num_bytes": 0,
            "num_long_term_bytes": 0,
            "num_rows": 0,
            "project": "urbansportsclub-dev",
            "range_partitioning": [],
            "schema": "[{\"mode\":\"NULLABLE\",\"name\":\"event_type\",\"type\":\"STRING\"},{\"mode\":\"NULLABLE\",\"name\":\"id\",\"type\":\"STRING\"},{\"mode\":\"NULLABLE\",\"name\":\"metadata\",\"type\":\"STRING\"},{\"mode\":\"NULLABLE\",\"name\":\"time_created\",\"type\":\"TIMESTAMP\"},{\"mode\":\"NULLABLE\",\"name\":\"signature\",\"type\":\"STRING\"},{\"mode\":\"NULLABLE\",\"name\":\"msg_id\",\"type\":\"STRING\"},{\"mode\":\"NULLABLE\",\"name\":\"source\",\"type\":\"STRING\"}]",
            "self_link": "https://bigquery.googleapis.com/bigquery/v2/projects/urbansportsclub-dev/datasets/watchops/tables/events_raw",
            "table_id": "events_raw",
            "time_partitioning": [],
            "type": "TABLE",
            "view": []
          },
          "sensitive_attributes": [],
          "private": "bnVsbA==",
          "dependencies": [
            "module.watchops.module.bigquery.google_bigquery_dataset.watchops",
            "module.watchops.module.bigquery.google_project_service.bigquery_services",
            "module.watchops.module.foundation.google_project_iam_member.bigquery_user",
            "module.watchops.module.foundation.google_service_account.watchops"
          ]
        }
      ]
    },
    {
      "module": "module.watchops.module.bigquery",
      "mode": "managed",
      "type": "google_bigquery_table",
      "name": "view_incidents",
      "provider": "provider[\"registry.terraform.io/hashicorp/google\"]",
      "instances": []
    },
    {
      "module": "module.watchops.module.bigquery",
      "mode": "managed",
      "type": "google_project_iam_member",
      "name": "parser_bq_project_access",
      "provider": "provider[\"registry.terraform.io/hashicorp/google\"]",
      "instances": [
        {
          "schema_version": 0,
          "attributes": {
            "condition": [],
            "etag": "BwXe1YYeGow=",
            "id": "urbansportsclub-dev/roles/bigquery.user/serviceAccount:watchops@urbansportsclub-dev.iam.gserviceaccount.com",
            "member": "serviceAccount:watchops@urbansportsclub-dev.iam.gserviceaccount.com",
            "project": "urbansportsclub-dev",
            "role": "roles/bigquery.user"
          },
          "sensitive_attributes": [],
          "private": "bnVsbA==",
          "dependencies": [
            "module.watchops.module.foundation.google_project_iam_member.bigquery_user",
            "module.watchops.module.foundation.google_service_account.watchops"
          ]
        }
      ]
    },
    {
      "module": "module.watchops.module.bigquery",
      "mode": "managed",
      "type": "google_project_service",
      "name": "bigquery_services",
      "provider": "provider[\"registry.terraform.io/hashicorp/google\"]",
      "instances": [
        {
          "index_key": "bigquery.googleapis.com",
          "schema_version": 0,
          "attributes": {
            "disable_dependent_services": null,
            "disable_on_destroy": false,
            "id": "urbansportsclub-dev/bigquery.googleapis.com",
            "project": "urbansportsclub-dev",
            "service": "bigquery.googleapis.com",
            "timeouts": null
          },
          "sensitive_attributes": [],
          "private": "eyJlMmJmYjczMC1lY2FhLTExZTYtOGY4OC0zNDM2M2JjN2M0YzAiOnsiY3JlYXRlIjoxMjAwMDAwMDAwMDAwLCJkZWxldGUiOjEyMDAwMDAwMDAwMDAsInJlYWQiOjYwMDAwMDAwMDAwMCwidXBkYXRlIjoxMjAwMDAwMDAwMDAwfX0=",
          "dependencies": [
            "module.watchops.module.foundation.google_project_iam_member.bigquery_user",
            "module.watchops.module.foundation.google_service_account.watchops"
          ]
        }
      ]
    },
    {
      "module": "module.watchops.module.foundation",
      "mode": "managed",
      "type": "google_project_iam_member",
      "name": "bigquery_user",
      "provider": "provider[\"registry.terraform.io/hashicorp/google\"]",
      "instances": [
        {
          "schema_version": 0,
          "attributes": {
            "condition": [],
            "etag": "BwXe1YWUR4c=",
            "id": "urbansportsclub-dev/roles/bigquery.user/serviceAccount:watchops@urbansportsclub-dev.iam.gserviceaccount.com",
            "member": "serviceAccount:watchops@urbansportsclub-dev.iam.gserviceaccount.com",
            "project": "urbansportsclub-dev",
            "role": "roles/bigquery.user"
          },
          "sensitive_attributes": [],
          "private": "bnVsbA==",
          "dependencies": [
            "module.watchops.module.foundation.google_service_account.watchops"
          ]
        }
      ]
    },
    {
      "module": "module.watchops.module.foundation",
      "mode": "managed",
      "type": "google_service_account",
      "name": "watchops",
      "provider": "provider[\"registry.terraform.io/hashicorp/google\"]",
      "instances": [
        {
          "schema_version": 0,
          "attributes": {
            "account_id": "watchops",
            "description": "",
            "disabled": false,
            "display_name": "Service Account for WatchOps resources",
            "email": "watchops@urbansportsclub-dev.iam.gserviceaccount.com",
            "id": "projects/urbansportsclub-dev/serviceAccounts/watchops@urbansportsclub-dev.iam.gserviceaccount.com",
            "name": "projects/urbansportsclub-dev/serviceAccounts/watchops@urbansportsclub-dev.iam.gserviceaccount.com",
            "project": "urbansportsclub-dev",
            "timeouts": null,
            "unique_id": "107243806642824436008"
          },
          "sensitive_attributes": [],
          "private": "eyJlMmJmYjczMC1lY2FhLTExZTYtOGY4OC0zNDM2M2JjN2M0YzAiOnsiY3JlYXRlIjozMDAwMDAwMDAwMDB9fQ=="
        }
      ]
    },
    {
      "module": "module.watchops.module.github[0]",
      "mode": "data",
      "type": "google_project",
      "name": "project",
      "provider": "provider[\"registry.terraform.io/hashicorp/google\"]",
      "instances": [
        {
          "schema_version": 0,
          "attributes": {
            "auto_create_network": null,
            "billing_account": "013DF6-148E1C-B31135",
            "folder_id": "303579694162",
            "id": "projects/urbansportsclub-dev",
            "labels": {},
            "name": "UrbanSportsClub Dev",
            "number": "541676399553",
            "org_id": "",
            "project_id": "urbansportsclub-dev",
            "skip_delete": null
          },
          "sensitive_attributes": []
        }
      ]
    },
    {
      "module": "module.watchops.module.github[0]",
      "mode": "managed",
      "type": "google_project_iam_member",
      "name": "pubsub_service_account_token_creator",
      "provider": "provider[\"registry.terraform.io/hashicorp/google\"]",
      "instances": [
        {
          "schema_version": 0,
          "attributes": {
            "condition": [],
            "etag": "BwXe1YWUR4c=",
            "id": "urbansportsclub-dev/roles/iam.serviceAccountTokenCreator/serviceAccount:service-541676399553@gcp-sa-pubsub.iam.gserviceaccount.com",
            "member": "serviceAccount:service-541676399553@gcp-sa-pubsub.iam.gserviceaccount.com",
            "project": "urbansportsclub-dev",
            "role": "roles/iam.serviceAccountTokenCreator"
          },
          "sensitive_attributes": [],
          "private": "bnVsbA==",
          "dependencies": [
            "module.watchops.module.github.data.google_project.project"
          ]
        }
      ]
    },
    {
      "module": "module.watchops.module.github[0]",
      "mode": "managed",
      "type": "google_pubsub_subscription",
      "name": "github",
      "provider": "provider[\"registry.terraform.io/hashicorp/google\"]",
      "instances": [
        {
          "schema_version": 0,
          "attributes": {
            "ack_deadline_seconds": 10,
            "dead_letter_policy": [],
            "enable_message_ordering": false,
            "expiration_policy": [
              {
                "ttl": "2678400s"
              }
            ],
            "filter": "",
            "id": "projects/urbansportsclub-dev/subscriptions/watchops-github",
            "labels": null,
            "message_retention_duration": "604800s",
            "name": "watchops-github",
            "path": "projects/urbansportsclub-dev/subscriptions/watchops-github",
            "project": "urbansportsclub-dev",
            "push_config": [],
            "retain_acked_messages": false,
            "retry_policy": [],
            "timeouts": null,
            "topic": "projects/urbansportsclub-dev/topics/watchops-github"
          },
          "sensitive_attributes": [],
          "private": "eyJlMmJmYjczMC1lY2FhLTExZTYtOGY4OC0zNDM2M2JjN2M0YzAiOnsiY3JlYXRlIjozNjAwMDAwMDAwMDAsImRlbGV0ZSI6MjQwMDAwMDAwMDAwLCJ1cGRhdGUiOjM2MDAwMDAwMDAwMH19",
          "dependencies": [
            "module.watchops.module.github.google_pubsub_topic.github"
          ]
        }
      ]
    },
    {
      "module": "module.watchops.module.github[0]",
      "mode": "managed",
      "type": "google_pubsub_topic",
      "name": "github",
      "provider": "provider[\"registry.terraform.io/hashicorp/google\"]",
      "instances": [
        {
          "schema_version": 0,
          "attributes": {
            "id": "projects/urbansportsclub-dev/topics/watchops-github",
            "kms_key_name": "",
            "labels": null,
            "message_storage_policy": [],
            "name": "watchops-github",
            "project": "urbansportsclub-dev",
            "schema_settings": [],
            "timeouts": null
          },
          "sensitive_attributes": [],
          "private": "eyJlMmJmYjczMC1lY2FhLTExZTYtOGY4OC0zNDM2M2JjN2M0YzAiOnsiY3JlYXRlIjozNjAwMDAwMDAwMDAsImRlbGV0ZSI6MjQwMDAwMDAwMDAwLCJ1cGRhdGUiOjM2MDAwMDAwMDAwMH19"
        }
      ]
    },
    {
      "module": "module.watchops.module.github[0]",
      "mode": "managed",
      "type": "google_pubsub_topic_iam_member",
      "name": "service_account_editor",
      "provider": "provider[\"registry.terraform.io/hashicorp/google\"]",
      "instances": [
        {
          "schema_version": 0,
          "attributes": {
            "condition": [],
            "etag": "BwXe1YW/k/k=",
            "id": "projects/urbansportsclub-dev/topics/watchops-github/roles/editor/serviceAccount:watchops@urbansportsclub-dev.iam.gserviceaccount.com",
            "member": "serviceAccount:watchops@urbansportsclub-dev.iam.gserviceaccount.com",
            "project": "urbansportsclub-dev",
            "role": "roles/editor",
            "topic": "projects/urbansportsclub-dev/topics/watchops-github"
          },
          "sensitive_attributes": [],
          "private": "bnVsbA==",
          "dependencies": [
            "module.watchops.module.foundation.google_service_account.watchops",
            "module.watchops.module.github.google_pubsub_topic.github"
          ]
        }
      ]
    }
  ]
}
